// !$*UTF8*$!
{
	archiveVersion = 1;
	classes = {
	};
	objectVersion = 46;
	objects = {

/* Begin PBXBuildFile section */
		318D63DC1DFE64F400D41EC7 /* Extensions.swift in Sources */ = {isa = PBXBuildFile; fileRef = 318D63DB1DFE64F400D41EC7 /* Extensions.swift */; };
		318D63DF1DFE657000D41EC7 /* VideoCell.swift in Sources */ = {isa = PBXBuildFile; fileRef = 318D63DE1DFE657000D41EC7 /* VideoCell.swift */; };
		31CB6C921E0285E80024A3E2 /* MenuBar.swift in Sources */ = {isa = PBXBuildFile; fileRef = 31CB6C911E0285E80024A3E2 /* MenuBar.swift */; };
		31D0627D1DFCD20E00516B46 /* AppDelegate.swift in Sources */ = {isa = PBXBuildFile; fileRef = 31D0627C1DFCD20E00516B46 /* AppDelegate.swift */; };
		31D0627F1DFCD20E00516B46 /* HomeController.swift in Sources */ = {isa = PBXBuildFile; fileRef = 31D0627E1DFCD20E00516B46 /* HomeController.swift */; };
		31D062821DFCD20E00516B46 /* Main.storyboard in Resources */ = {isa = PBXBuildFile; fileRef = 31D062801DFCD20E00516B46 /* Main.storyboard */; };
		31D062841DFCD20E00516B46 /* Assets.xcassets in Resources */ = {isa = PBXBuildFile; fileRef = 31D062831DFCD20E00516B46 /* Assets.xcassets */; };
		31D062871DFCD20E00516B46 /* LaunchScreen.storyboard in Resources */ = {isa = PBXBuildFile; fileRef = 31D062851DFCD20E00516B46 /* LaunchScreen.storyboard */; };
/* End PBXBuildFile section */

/* Begin PBXFileReference section */
		318D63DB1DFE64F400D41EC7 /* Extensions.swift */ = {isa = PBXFileReference; fileEncoding = 4; lastKnownFileType = sourcecode.swift; path = Extensions.swift; sourceTree = "<group>"; };
		318D63DE1DFE657000D41EC7 /* VideoCell.swift */ = {isa = PBXFileReference; fileEncoding = 4; lastKnownFileType = sourcecode.swift; path = VideoCell.swift; sourceTree = "<group>"; };
		31CB6C911E0285E80024A3E2 /* MenuBar.swift */ = {isa = PBXFileReference; fileEncoding = 4; lastKnownFileType = sourcecode.swift; path = MenuBar.swift; sourceTree = "<group>"; };
		31D062791DFCD20E00516B46 /* youtube.app */ = {isa = PBXFileReference; explicitFileType = wrapper.application; includeInIndex = 0; path = youtube.app; sourceTree = BUILT_PRODUCTS_DIR; };
		31D0627C1DFCD20E00516B46 /* AppDelegate.swift */ = {isa = PBXFileReference; lastKnownFileType = sourcecode.swift; path = AppDelegate.swift; sourceTree = "<group>"; };
		31D0627E1DFCD20E00516B46 /* HomeController.swift */ = {isa = PBXFileReference; lastKnownFileType = sourcecode.swift; path = HomeController.swift; sourceTree = "<group>"; };
		31D062811DFCD20E00516B46 /* Base */ = {isa = PBXFileReference; lastKnownFileType = file.storyboard; name = Base; path = Base.lproj/Main.storyboard; sourceTree = "<group>"; };
		31D062831DFCD20E00516B46 /* Assets.xcassets */ = {isa = PBXFileReference; lastKnownFileType = folder.assetcatalog; path = Assets.xcassets; sourceTree = "<group>"; };
		31D062861DFCD20E00516B46 /* Base */ = {isa = PBXFileReference; lastKnownFileType = file.storyboard; name = Base; path = Base.lproj/LaunchScreen.storyboard; sourceTree = "<group>"; };
		31D062881DFCD20E00516B46 /* Info.plist */ = {isa = PBXFileReference; lastKnownFileType = text.plist.xml; path = Info.plist; sourceTree = "<group>"; };
/* End PBXFileReference section */

/* Begin PBXFrameworksBuildPhase section */
		31D062761DFCD20E00516B46 /* Frameworks */ = {
			isa = PBXFrameworksBuildPhase;
			buildActionMask = 2147483647;
			files = (
			);
			runOnlyForDeploymentPostprocessing = 0;
		};
/* End PBXFrameworksBuildPhase section */

/* Begin PBXGroup section */
		318D63DA1DFE64E200D41EC7 /* Helpers */ = {
			isa = PBXGroup;
			children = (
				318D63DB1DFE64F400D41EC7 /* Extensions.swift */,
			);
			name = Helpers;
			sourceTree = "<group>";
		};
		318D63DD1DFE654C00D41EC7 /* Views */ = {
			isa = PBXGroup;
			children = (
				318D63DE1DFE657000D41EC7 /* VideoCell.swift */,
				31CB6C911E0285E80024A3E2 /* MenuBar.swift */,
			);
			name = Views;
			sourceTree = "<group>";
		};
		318D63E01DFE65A800D41EC7 /* Controllers */ = {
			isa = PBXGroup;
			children = (
				31D0627E1DFCD20E00516B46 /* HomeController.swift */,
			);
			name = Controllers;
			sourceTree = "<group>";
		};
		31D062701DFCD20E00516B46 = {
			isa = PBXGroup;
			children = (
				31D0627B1DFCD20E00516B46 /* youtube */,
				31D0627A1DFCD20E00516B46 /* Products */,
			);
			sourceTree = "<group>";
		};
		31D0627A1DFCD20E00516B46 /* Products */ = {
			isa = PBXGroup;
			children = (
				31D062791DFCD20E00516B46 /* youtube.app */,
			);
			name = Products;
			sourceTree = "<group>";
		};
		31D0627B1DFCD20E00516B46 /* youtube */ = {
			isa = PBXGroup;
			children = (
				318D63E01DFE65A800D41EC7 /* Controllers */,
				318D63DD1DFE654C00D41EC7 /* Views */,
				318D63DA1DFE64E200D41EC7 /* Helpers */,
				31D0627C1DFCD20E00516B46 /* AppDelegate.swift */,
				31D062801DFCD20E00516B46 /* Main.storyboard */,
				31D062831DFCD20E00516B46 /* Assets.xcassets */,
				31D062851DFCD20E00516B46 /* LaunchScreen.storyboard */,
				31D062881DFCD20E00516B46 /* Info.plist */,
			);
			path = youtube;
			sourceTree = "<group>";
		};
/* End PBXGroup section */

/* Begin PBXNativeTarget section */
		31D062781DFCD20E00516B46 /* youtube */ = {
			isa = PBXNativeTarget;
			buildConfigurationList = 31D0628B1DFCD20E00516B46 /* Build configuration list for PBXNativeTarget "youtube" */;
			buildPhases = (
				31D062751DFCD20E00516B46 /* Sources */,
				31D062761DFCD20E00516B46 /* Frameworks */,
				31D062771DFCD20E00516B46 /* Resources */,
			);
			buildRules = (
			);
			dependencies = (
			);
			name = youtube;
			productName = youtube;
			productReference = 31D062791DFCD20E00516B46 /* youtube.app */;
			productType = "com.apple.product-type.application";
		};
/* End PBXNativeTarget section */

/* Begin PBXProject section */
		31D062711DFCD20E00516B46 /* Project object */ = {
			isa = PBXProject;
			attributes = {
				LastSwiftUpdateCheck = 0810;
				LastUpgradeCheck = 0810;
				ORGANIZATIONNAME = Nakib;
				TargetAttributes = {
					31D062781DFCD20E00516B46 = {
						CreatedOnToolsVersion = 8.1;
						ProvisioningStyle = Automatic;
					};
				};
			};
			buildConfigurationList = 31D062741DFCD20E00516B46 /* Build configuration list for PBXProject "youtube" */;
			compatibilityVersion = "Xcode 3.2";
			developmentRegion = English;
			hasScannedForEncodings = 0;
			knownRegions = (
				en,
				Base,
			);
			mainGroup = 31D062701DFCD20E00516B46;
			productRefGroup = 31D0627A1DFCD20E00516B46 /* Products */;
			projectDirPath = "";
			projectRoot = "";
			targets = (
				31D062781DFCD20E00516B46 /* youtube */,
			);
		};
/* End PBXProject section */

/* Begin PBXResourcesBuildPhase section */
		31D062771DFCD20E00516B46 /* Resources */ = {
			isa = PBXResourcesBuildPhase;
			buildActionMask = 2147483647;
			files = (
				31D062871DFCD20E00516B46 /* LaunchScreen.storyboard in Resources */,
				31D062841DFCD20E00516B46 /* Assets.xcassets in Resources */,
				31D062821DFCD20E00516B46 /* Main.storyboard in Resources */,
			);
			runOnlyForDeploymentPostprocessing = 0;
		};
/* End PBXResourcesBuildPhase section */

/* Begin PBXSourcesBuildPhase section */
		31D062751DFCD20E00516B46 /* Sources */ = {
			isa = PBXSourcesBuildPhase;
			buildActionMask = 2147483647;
			files = (
				31D0627F1DFCD20E00516B46 /* HomeController.swift in Sources */,
				318D63DF1DFE657000D41EC7 /* VideoCell.swift in Sources */,
				318D63DC1DFE64F400D41EC7 /* Extensions.swift in Sources */,
				31D0627D1DFCD20E00516B46 /* AppDelegate.swift in Sources */,
				31CB6C921E0285E80024A3E2 /* MenuBar.swift in Sources */,
			);
			runOnlyForDeploymentPostprocessing = 0;
		};
/* End PBXSourcesBuildPhase section */

/* Begin PBXVariantGroup section */
		31D062801DFCD20E00516B46 /* Main.storyboard */ = {
			isa = PBXVariantGroup;
			children = (
				31D062811DFCD20E00516B46 /* Base */,
			);
			name = Main.storyboard;
			sourceTree = "<group>";
		};
		31D062851DFCD20E00516B46 /* LaunchScreen.storyboard */ = {
			isa = PBXVariantGroup;
			children = (
				31D062861DFCD20E00516B46 /* Base */,
			);
			name = LaunchScreen.storyboard;
			sourceTree = "<group>";
		};
/* End PBXVariantGroup section */

/* Begin XCBuildConfiguration section */
		31D062891DFCD20E00516B46 /* Debug */ = {
			isa = XCBuildConfiguration;
			buildSettings = {
				ALWAYS_SEARCH_USER_PATHS = NO;
				CLANG_ANALYZER_NONNULL = YES;
				CLANG_CXX_LANGUAGE_STANDARD = "gnu++0x";
				CLANG_CXX_LIBRARY = "libc++";
				CLANG_ENABLE_MODULES = YES;
				CLANG_ENABLE_OBJC_ARC = YES;
				CLANG_WARN_BOOL_CONVERSION = YES;
				CLANG_WARN_CONSTANT_CONVERSION = YES;
				CLANG_WARN_DIRECT_OBJC_ISA_USAGE = YES_ERROR;
				CLANG_WARN_DOCUMENTATION_COMMENTS = YES;
				CLANG_WARN_EMPTY_BODY = YES;
				CLANG_WARN_ENUM_CONVERSION = YES;
				CLANG_WARN_INFINITE_RECURSION = YES;
				CLANG_WARN_INT_CONVERSION = YES;
				CLANG_WARN_OBJC_ROOT_CLASS = YES_ERROR;
				CLANG_WARN_SUSPICIOUS_MOVES = YES;
				CLANG_WARN_UNREACHABLE_CODE = YES;
				CLANG_WARN__DUPLICATE_METHOD_MATCH = YES;
				"CODE_SIGN_IDENTITY[sdk=iphoneos*]" = "iPhone Developer";
				COPY_PHASE_STRIP = NO;
				DEBUG_INFORMATION_FORMAT = dwarf;
				ENABLE_STRICT_OBJC_MSGSEND = YES;
				ENABLE_TESTABILITY = YES;
				GCC_C_LANGUAGE_STANDARD = gnu99;
				GCC_DYNAMIC_NO_PIC = NO;
				GCC_NO_COMMON_BLOCKS = YES;
				GCC_OPTIMIZATION_LEVEL = 0;
				GCC_PREPROCESSOR_DEFINITIONS = (
					"DEBUG=1",
					"$(inherited)",
				);
				GCC_WARN_64_TO_32_BIT_CONVERSION = YES;
				GCC_WARN_ABOUT_RETURN_TYPE = YES_ERROR;
				GCC_WARN_UNDECLARED_SELECTOR = YES;
				GCC_WARN_UNINITIALIZED_AUTOS = YES_AGGRESSIVE;
				GCC_WARN_UNUSED_FUNCTION = YES;
				GCC_WARN_UNUSED_VARIABLE = YES;
				IPHONEOS_DEPLOYMENT_TARGET = 10.1;
				MTL_ENABLE_DEBUG_INFO = YES;
				ONLY_ACTIVE_ARCH = YES;
				SDKROOT = iphoneos;
				SWIFT_ACTIVE_COMPILATION_CONDITIONS = DEBUG;
				SWIFT_OPTIMIZATION_LEVEL = "-Onone";
				TARGETED_DEVICE_FAMILY = "1,2";
			};
			name = Debug;
		};
		31D0628A1DFCD20E00516B46 /* Release */ = {
			isa = XCBuildConfiguration;
			buildSettings = {
				ALWAYS_SEARCH_USER_PATHS = NO;
				CLANG_ANALYZER_NONNULL = YES;
				CLANG_CXX_LANGUAGE_STANDARD = "gnu++0x";
				CLANG_CXX_LIBRARY = "libc++";
				CLANG_ENABLE_MODULES = YES;
				CLANG_ENABLE_OBJC_ARC = YES;
				CLANG_WARN_BOOL_CONVERSION = YES;
				CLANG_WARN_CONSTANT_CONVERSION = YES;
				CLANG_WARN_DIRECT_OBJC_ISA_USAGE = YES_ERROR;
				CLANG_WARN_DOCUMENTATION_COMMENTS = YES;
				CLANG_WARN_EMPTY_BODY = YES;
				CLANG_WARN_ENUM_CONVERSION = YES;
				CLANG_WARN_INFINITE_RECURSION = YES;
				CLANG_WARN_INT_CONVERSION = YES;
				CLANG_WARN_OBJC_ROOT_CLASS = YES_ERROR;
				CLANG_WARN_SUSPICIOUS_MOVES = YES;
				CLANG_WARN_UNREACHABLE_CODE = YES;
				CLANG_WARN__DUPLICATE_METHOD_MATCH = YES;
				"CODE_SIGN_IDENTITY[sdk=iphoneos*]" = "iPhone Developer";
				COPY_PHASE_STRIP = NO;
				DEBUG_INFORMATION_FORMAT = "dwarf-with-dsym";
				ENABLE_NS_ASSERTIONS = NO;
				ENABLE_STRICT_OBJC_MSGSEND = YES;
				GCC_C_LANGUAGE_STANDARD = gnu99;
				GCC_NO_COMMON_BLOCKS = YES;
				GCC_WARN_64_TO_32_BIT_CONVERSION = YES;
				GCC_WARN_ABOUT_RETURN_TYPE = YES_ERROR;
				GCC_WARN_UNDECLARED_SELECTOR = YES;
				GCC_WARN_UNINITIALIZED_AUTOS = YES_AGGRESSIVE;
				GCC_WARN_UNUSED_FUNCTION = YES;
				GCC_WARN_UNUSED_VARIABLE = YES;
				IPHONEOS_DEPLOYMENT_TARGET = 10.1;
				MTL_ENABLE_DEBUG_INFO = NO;
				SDKROOT = iphoneos;
				SWIFT_OPTIMIZATION_LEVEL = "-Owholemodule";
				TARGETED_DEVICE_FAMILY = "1,2";
				VALIDATE_PRODUCT = YES;
			};
			name = Release;
		};
		31D0628C1DFCD20E00516B46 /* Debug */ = {
			isa = XCBuildConfiguration;
			buildSettings = {
				ASSETCATALOG_COMPILER_APPICON_NAME = AppIcon;
				INFOPLIST_FILE = youtube/Info.plist;
				LD_RUNPATH_SEARCH_PATHS = "$(inherited) @executable_path/Frameworks";
				PRODUCT_BUNDLE_IDENTIFIER = com.nakibmomin.youtube;
				PRODUCT_NAME = "$(TARGET_NAME)";
				SWIFT_VERSION = 3.0;
			};
			name = Debug;
		};
		31D0628D1DFCD20E00516B46 /* Release */ = {
			isa = XCBuildConfiguration;
			buildSettings = {
				ASSETCATALOG_COMPILER_APPICON_NAME = AppIcon;
				INFOPLIST_FILE = youtube/Info.plist;
				LD_RUNPATH_SEARCH_PATHS = "$(inherited) @executable_path/Frameworks";
				PRODUCT_BUNDLE_IDENTIFIER = com.nakibmomin.youtube;
				PRODUCT_NAME = "$(TARGET_NAME)";
				SWIFT_VERSION = 3.0;
			};
			name = Release;
		};
/* End XCBuildConfiguration section */

/* Begin XCConfigurationList section */
		31D062741DFCD20E00516B46 /* Build configuration list for PBXProject "youtube" */ = {
			isa = XCConfigurationList;
			buildConfigurations = (
				31D062891DFCD20E00516B46 /* Debug */,
				31D0628A1DFCD20E00516B46 /* Release */,
			);
			defaultConfigurationIsVisible = 0;
			defaultConfigurationName = Release;
		};
		31D0628B1DFCD20E00516B46 /* Build configuration list for PBXNativeTarget "youtube" */ = {
			isa = XCConfigurationList;
			buildConfigurations = (
				31D0628C1DFCD20E00516B46 /* Debug */,
				31D0628D1DFCD20E00516B46 /* Release */,
			);
			defaultConfigurationIsVisible = 0;
			defaultConfigurationName = Release;
		};
/* End XCConfigurationList section */
	};
	rootObject = 31D062711DFCD20E00516B46 /* Project object */;
}
